Microsoft Visual Studio Solution File, Format Version 12.00
# Visual Studio Express 2012 for Windows Desktop
Project("{8BC9CEB8-8B4A-11D0-8D11-00A0C91BC942}") = "jank", "jank.vcxproj", "{7FD42DF7-442E-479A-BA76-D0022F99702A}"
	ProjectSection(ProjectDependencies) = postProject
		{58FEB522-BBD4-49C1-8986-AD6439579FFF} = {58FEB522-BBD4-49C1-8986-AD6439579FFF}
		{8B3B6B93-4C3D-41CC-81DB-F97B91593451} = {8B3B6B93-4C3D-41CC-81DB-F97B91593451}
		{EB6552F7-A39F-461D-A3B3-F128D99DCA6B} = {EB6552F7-A39F-461D-A3B3-F128D99DCA6B}
	EndProjectSection
EndProject
Project("{8BC9CEB8-8B4A-11D0-8D11-00A0C91BC942}") = "openframeworksLib", "..\..\..\libs\openFrameworksCompiled\project\vs\openframeworksLib.vcxproj", "{5837595D-ACA9-485C-8E76-729040CE4B0B}"
EndProject
Project("{8BC9CEB8-8B4A-11D0-8D11-00A0C91BC942}") = "lua", "..\lua\lua.vcxproj", "{58FEB522-BBD4-49C1-8986-AD6439579FFF}"
	ProjectSection(ProjectDependencies) = postProject
		{8B3B6B93-4C3D-41CC-81DB-F97B91593451} = {8B3B6B93-4C3D-41CC-81DB-F97B91593451}
	EndProjectSection
EndProject
Project("{8BC9CEB8-8B4A-11D0-8D11-00A0C91BC942}") = "luac", "..\luac\luac.vcxproj", "{8B3B6B93-4C3D-41CC-81DB-F97B91593451}"
EndProject
Project("{8BC9CEB8-8B4A-11D0-8D11-00A0C91BC942}") = "luaLib", "..\luaLib\luaLib.vcxproj", "{EB6552F7-A39F-461D-A3B3-F128D99DCA6B}"
EndProject
Global
	GlobalSection(SolutionConfigurationPlatforms) = preSolution
		Debug|Win32 = Debug|Win32
		Release|Win32 = Release|Win32
	EndGlobalSection
	GlobalSection(ProjectConfigurationPlatforms) = postSolution
		{7FD42DF7-442E-479A-BA76-D0022F99702A}.Debug|Win32.ActiveCfg = Debug|Win32
		{7FD42DF7-442E-479A-BA76-D0022F99702A}.Debug|Win32.Build.0 = Debug|Win32
		{7FD42DF7-442E-479A-BA76-D0022F99702A}.Release|Win32.ActiveCfg = Release|Win32
		{7FD42DF7-442E-479A-BA76-D0022F99702A}.Release|Win32.Build.0 = Release|Win32
		{5837595D-ACA9-485C-8E76-729040CE4B0B}.Debug|Win32.ActiveCfg = Debug|Win32
		{5837595D-ACA9-485C-8E76-729040CE4B0B}.Debug|Win32.Build.0 = Debug|Win32
		{5837595D-ACA9-485C-8E76-729040CE4B0B}.Release|Win32.ActiveCfg = Release|Win32
		{5837595D-ACA9-485C-8E76-729040CE4B0B}.Release|Win32.Build.0 = Release|Win32
		{58FEB522-BBD4-49C1-8986-AD6439579FFF}.Debug|Win32.ActiveCfg = Debug|Win32
		{58FEB522-BBD4-49C1-8986-AD6439579FFF}.Debug|Win32.Build.0 = Debug|Win32
		{58FEB522-BBD4-49C1-8986-AD6439579FFF}.Release|Win32.ActiveCfg = Release|Win32
		{58FEB522-BBD4-49C1-8986-AD6439579FFF}.Release|Win32.Build.0 = Release|Win32
		{8B3B6B93-4C3D-41CC-81DB-F97B91593451}.Debug|Win32.ActiveCfg = Debug|Win32
		{8B3B6B93-4C3D-41CC-81DB-F97B91593451}.Debug|Win32.Build.0 = Debug|Win32
		{8B3B6B93-4C3D-41CC-81DB-F97B91593451}.Release|Win32.ActiveCfg = Release|Win32
		{8B3B6B93-4C3D-41CC-81DB-F97B91593451}.Release|Win32.Build.0 = Release|Win32
		{EB6552F7-A39F-461D-A3B3-F128D99DCA6B}.Debug|Win32.ActiveCfg = Debug|Win32
		{EB6552F7-A39F-461D-A3B3-F128D99DCA6B}.Debug|Win32.Build.0 = Debug|Win32
		{EB6552F7-A39F-461D-A3B3-F128D99DCA6B}.Release|Win32.ActiveCfg = Release|Win32
		{EB6552F7-A39F-461D-A3B3-F128D99DCA6B}.Release|Win32.Build.0 = Release|Win32
	EndGlobalSection
	GlobalSection(SolutionProperties) = preSolution
		HideSolutionNode = FALSE
	EndGlobalSection
EndGlobal
